// !$*UTF8*$!
{
	archiveVersion = 1;
	classes = {
	};
	objectVersion = 46;
	objects = {

/* Begin PBXBuildFile section */
		1DA469931E9396C100595002 /* AppDelegate.swift in Sources */ = {isa = PBXBuildFile; fileRef = 1DA469921E9396C100595002 /* AppDelegate.swift */; };
		1DA469951E9396C200595002 /* ViewController.swift in Sources */ = {isa = PBXBuildFile; fileRef = 1DA469941E9396C100595002 /* ViewController.swift */; };
		1DA469981E9396C200595002 /* Main.storyboard in Resources */ = {isa = PBXBuildFile; fileRef = 1DA469961E9396C200595002 /* Main.storyboard */; };
		1DA4699B1E9396C200595002 /* CoreDataTest.xcdatamodeld in Sources */ = {isa = PBXBuildFile; fileRef = 1DA469991E9396C200595002 /* CoreDataTest.xcdatamodeld */; };
		1DA4699D1E9396C200595002 /* Assets.xcassets in Resources */ = {isa = PBXBuildFile; fileRef = 1DA4699C1E9396C200595002 /* Assets.xcassets */; };
		1DA469A01E9396C200595002 /* LaunchScreen.storyboard in Resources */ = {isa = PBXBuildFile; fileRef = 1DA4699E1E9396C200595002 /* LaunchScreen.storyboard */; };
		1DA469AB1E9396C200595002 /* CoreDataTestTests.swift in Sources */ = {isa = PBXBuildFile; fileRef = 1DA469AA1E9396C200595002 /* CoreDataTestTests.swift */; };
		1DA469B61E9396C200595002 /* CoreDataTestUITests.swift in Sources */ = {isa = PBXBuildFile; fileRef = 1DA469B51E9396C200595002 /* CoreDataTestUITests.swift */; };
/* End PBXBuildFile section */

/* Begin PBXContainerItemProxy section */
		1DA469A71E9396C200595002 /* PBXContainerItemProxy */ = {
			isa = PBXContainerItemProxy;
			containerPortal = 1DA469871E9396C100595002 /* Project object */;
			proxyType = 1;
			remoteGlobalIDString = 1DA4698E1E9396C100595002;
			remoteInfo = CoreDataTest;
		};
		1DA469B21E9396C200595002 /* PBXContainerItemProxy */ = {
			isa = PBXContainerItemProxy;
			containerPortal = 1DA469871E9396C100595002 /* Project object */;
			proxyType = 1;
			remoteGlobalIDString = 1DA4698E1E9396C100595002;
			remoteInfo = CoreDataTest;
		};
/* End PBXContainerItemProxy section */

/* Begin PBXFileReference section */
		1DA4698F1E9396C100595002 /* CoreDataTest.app */ = {isa = PBXFileReference; explicitFileType = wrapper.application; includeInIndex = 0; path = CoreDataTest.app; sourceTree = BUILT_PRODUCTS_DIR; };
		1DA469921E9396C100595002 /* AppDelegate.swift */ = {isa = PBXFileReference; lastKnownFileType = sourcecode.swift; path = AppDelegate.swift; sourceTree = "<group>"; };
		1DA469941E9396C100595002 /* ViewController.swift */ = {isa = PBXFileReference; lastKnownFileType = sourcecode.swift; path = ViewController.swift; sourceTree = "<group>"; };
		1DA469971E9396C200595002 /* Base */ = {isa = PBXFileReference; lastKnownFileType = file.storyboard; name = Base; path = Base.lproj/Main.storyboard; sourceTree = "<group>"; };
		1DA4699A1E9396C200595002 /* CoreDataTest.xcdatamodel */ = {isa = PBXFileReference; lastKnownFileType = wrapper.xcdatamodel; path = CoreDataTest.xcdatamodel; sourceTree = "<group>"; };
		1DA4699C1E9396C200595002 /* Assets.xcassets */ = {isa = PBXFileReference; lastKnownFileType = folder.assetcatalog; path = Assets.xcassets; sourceTree = "<group>"; };
		1DA4699F1E9396C200595002 /* Base */ = {isa = PBXFileReference; lastKnownFileType = file.storyboard; name = Base; path = Base.lproj/LaunchScreen.storyboard; sourceTree = "<group>"; };
		1DA469A11E9396C200595002 /* Info.plist */ = {isa = PBXFileReference; lastKnownFileType = text.plist.xml; path = Info.plist; sourceTree = "<group>"; };
		1DA469A61E9396C200595002 /* CoreDataTestTests.xctest */ = {isa = PBXFileReference; explicitFileType = wrapper.cfbundle; includeInIndex = 0; path = CoreDataTestTests.xctest; sourceTree = BUILT_PRODUCTS_DIR; };
		1DA469AA1E9396C200595002 /* CoreDataTestTests.swift */ = {isa = PBXFileReference; lastKnownFileType = sourcecode.swift; path = CoreDataTestTests.swift; sourceTree = "<group>"; };
		1DA469AC1E9396C200595002 /* Info.plist */ = {isa = PBXFileReference; lastKnownFileType = text.plist.xml; path = Info.plist; sourceTree = "<group>"; };
		1DA469B11E9396C200595002 /* CoreDataTestUITests.xctest */ = {isa = PBXFileReference; explicitFileType = wrapper.cfbundle; includeInIndex = 0; path = CoreDataTestUITests.xctest; sourceTree = BUILT_PRODUCTS_DIR; };
		1DA469B51E9396C200595002 /* CoreDataTestUITests.swift */ = {isa = PBXFileReference; lastKnownFileType = sourcecode.swift; path = CoreDataTestUITests.swift; sourceTree = "<group>"; };
		1DA469B71E9396C200595002 /* Info.plist */ = {isa = PBXFileReference; lastKnownFileType = text.plist.xml; path = Info.plist; sourceTree = "<group>"; };
/* End PBXFileReference section */

/* Begin PBXFrameworksBuildPhase section */
		1DA4698C1E9396C100595002 /* Frameworks */ = {
			isa = PBXFrameworksBuildPhase;
			buildActionMask = 2147483647;
			files = (
			);
			runOnlyForDeploymentPostprocessing = 0;
		};
		1DA469A31E9396C200595002 /* Frameworks */ = {
			isa = PBXFrameworksBuildPhase;
			buildActionMask = 2147483647;
			files = (
			);
			runOnlyForDeploymentPostprocessing = 0;
		};
		1DA469AE1E9396C200595002 /* Frameworks */ = {
			isa = PBXFrameworksBuildPhase;
			buildActionMask = 2147483647;
			files = (
			);
			runOnlyForDeploymentPostprocessing = 0;
		};
/* End PBXFrameworksBuildPhase section */

/* Begin PBXGroup section */
		1DA469861E9396C100595002 = {
			isa = PBXGroup;
			children = (
				1DA469911E9396C100595002 /* CoreDataTest */,
				1DA469A91E9396C200595002 /* CoreDataTestTests */,
				1DA469B41E9396C200595002 /* CoreDataTestUITests */,
				1DA469901E9396C100595002 /* Products */,
			);
			sourceTree = "<group>";
		};
		1DA469901E9396C100595002 /* Products */ = {
			isa = PBXGroup;
			children = (
				1DA4698F1E9396C100595002 /* CoreDataTest.app */,
				1DA469A61E9396C200595002 /* CoreDataTestTests.xctest */,
				1DA469B11E9396C200595002 /* CoreDataTestUITests.xctest */,
			);
			name = Products;
			sourceTree = "<group>";
		};
		1DA469911E9396C100595002 /* CoreDataTest */ = {
			isa = PBXGroup;
			children = (
				1DA469921E9396C100595002 /* AppDelegate.swift */,
				1DA469941E9396C100595002 /* ViewController.swift */,
				1DA469961E9396C200595002 /* Main.storyboard */,
				1DA4699C1E9396C200595002 /* Assets.xcassets */,
				1DA4699E1E9396C200595002 /* LaunchScreen.storyboard */,
				1DA469A11E9396C200595002 /* Info.plist */,
				1DA469991E9396C200595002 /* CoreDataTest.xcdatamodeld */,
			);
			path = CoreDataTest;
			sourceTree = "<group>";
		};
		1DA469A91E9396C200595002 /* CoreDataTestTests */ = {
			isa = PBXGroup;
			children = (
				1DA469AA1E9396C200595002 /* CoreDataTestTests.swift */,
				1DA469AC1E9396C200595002 /* Info.plist */,
			);
			path = CoreDataTestTests;
			sourceTree = "<group>";
		};
		1DA469B41E9396C200595002 /* CoreDataTestUITests */ = {
			isa = PBXGroup;
			children = (
				1DA469B51E9396C200595002 /* CoreDataTestUITests.swift */,
				1DA469B71E9396C200595002 /* Info.plist */,
			);
			path = CoreDataTestUITests;
			sourceTree = "<group>";
		};
/* End PBXGroup section */

/* Begin PBXNativeTarget section */
		1DA4698E1E9396C100595002 /* CoreDataTest */ = {
			isa = PBXNativeTarget;
			buildConfigurationList = 1DA469BA1E9396C200595002 /* Build configuration list for PBXNativeTarget "CoreDataTest" */;
			buildPhases = (
				1DA4698B1E9396C100595002 /* Sources */,
				1DA4698C1E9396C100595002 /* Frameworks */,
				1DA4698D1E9396C100595002 /* Resources */,
			);
			buildRules = (
			);
			dependencies = (
			);
			name = CoreDataTest;
			productName = CoreDataTest;
			productReference = 1DA4698F1E9396C100595002 /* CoreDataTest.app */;
			productType = "com.apple.product-type.application";
		};
		1DA469A51E9396C200595002 /* CoreDataTestTests */ = {
			isa = PBXNativeTarget;
			buildConfigurationList = 1DA469BD1E9396C200595002 /* Build configuration list for PBXNativeTarget "CoreDataTestTests" */;
			buildPhases = (
				1DA469A21E9396C200595002 /* Sources */,
				1DA469A31E9396C200595002 /* Frameworks */,
				1DA469A41E9396C200595002 /* Resources */,
			);
			buildRules = (
			);
			dependencies = (
				1DA469A81E9396C200595002 /* PBXTargetDependency */,
			);
			name = CoreDataTestTests;
			productName = CoreDataTestTests;
			productReference = 1DA469A61E9396C200595002 /* CoreDataTestTests.xctest */;
			productType = "com.apple.product-type.bundle.unit-test";
		};
		1DA469B01E9396C200595002 /* CoreDataTestUITests */ = {
			isa = PBXNativeTarget;
			buildConfigurationList = 1DA469C01E9396C200595002 /* Build configuration list for PBXNativeTarget "CoreDataTestUITests" */;
			buildPhases = (
				1DA469AD1E9396C200595002 /* Sources */,
				1DA469AE1E9396C200595002 /* Frameworks */,
				1DA469AF1E9396C200595002 /* Resources */,
			);
			buildRules = (
			);
			dependencies = (
				1DA469B31E9396C200595002 /* PBXTargetDependency */,
			);
			name = CoreDataTestUITests;
			productName = CoreDataTestUITests;
			productReference = 1DA469B11E9396C200595002 /* CoreDataTestUITests.xctest */;
			productType = "com.apple.product-type.bundle.ui-testing";
		};
/* End PBXNativeTarget section */

/* Begin PBXProject section */
		1DA469871E9396C100595002 /* Project object */ = {
			isa = PBXProject;
			attributes = {
				LastSwiftUpdateCheck = 0820;
				LastUpgradeCheck = 0820;
				ORGANIZATIONNAME = vikas;
				TargetAttributes = {
					1DA4698E1E9396C100595002 = {
						CreatedOnToolsVersion = 8.2.1;
						ProvisioningStyle = Automatic;
					};
					1DA469A51E9396C200595002 = {
						CreatedOnToolsVersion = 8.2.1;
						ProvisioningStyle = Automatic;
						TestTargetID = 1DA4698E1E9396C100595002;
					};
					1DA469B01E9396C200595002 = {
						CreatedOnToolsVersion = 8.2.1;
						ProvisioningStyle = Automatic;
						TestTargetID = 1DA4698E1E9396C100595002;
					};
				};
			};
			buildConfigurationList = 1DA4698A1E9396C100595002 /* Build configuration list for PBXProject "CoreDataTest" */;
			compatibilityVersion = "Xcode 3.2";
			developmentRegion = English;
			hasScannedForEncodings = 0;
			knownRegions = (
				en,
				Base,
			);
			mainGroup = 1DA469861E9396C100595002;
			productRefGroup = 1DA469901E9396C100595002 /* Products */;
			projectDirPath = "";
			projectRoot = "";
			targets = (
				1DA4698E1E9396C100595002 /* CoreDataTest */,
				1DA469A51E9396C200595002 /* CoreDataTestTests */,
				1DA469B01E9396C200595002 /* CoreDataTestUITests */,
			);
		};
/* End PBXProject section */

/* Begin PBXResourcesBuildPhase section */
		1DA4698D1E9396C100595002 /* Resources */ = {
			isa = PBXResourcesBuildPhase;
			buildActionMask = 2147483647;
			files = (
				1DA469A01E9396C200595002 /* LaunchScreen.storyboard in Resources */,
				1DA4699D1E9396C200595002 /* Assets.xcassets in Resources */,
				1DA469981E9396C200595002 /* Main.storyboard in Resources */,
			);
			runOnlyForDeploymentPostprocessing = 0;
		};
		1DA469A41E9396C200595002 /* Resources */ = {
			isa = PBXResourcesBuildPhase;
			buildActionMask = 2147483647;
			files = (
			);
			runOnlyForDeploymentPostprocessing = 0;
		};
		1DA469AF1E9396C200595002 /* Resources */ = {
			isa = PBXResourcesBuildPhase;
			buildActionMask = 2147483647;
			files = (
			);
			runOnlyForDeploymentPostprocessing = 0;
		};
/* End PBXResourcesBuildPhase section */

/* Begin PBXSourcesBuildPhase section */
		1DA4698B1E9396C100595002 /* Sources */ = {
			isa = PBXSourcesBuildPhase;
			buildActionMask = 2147483647;
			files = (
				1DA469951E9396C200595002 /* ViewController.swift in Sources */,
				1DA4699B1E9396C200595002 /* CoreDataTest.xcdatamodeld in Sources */,
				1DA469931E9396C100595002 /* AppDelegate.swift in Sources */,
			);
			runOnlyForDeploymentPostprocessing = 0;
		};
		1DA469A21E9396C200595002 /* Sources */ = {
			isa = PBXSourcesBuildPhase;
			buildActionMask = 2147483647;
			files = (
				1DA469AB1E9396C200595002 /* CoreDataTestTests.swift in Sources */,
			);
			runOnlyForDeploymentPostprocessing = 0;
		};
		1DA469AD1E9396C200595002 /* Sources */ = {
			isa = PBXSourcesBuildPhase;
			buildActionMask = 2147483647;
			files = (
				1DA469B61E9396C200595002 /* CoreDataTestUITests.swift in Sources */,
			);
			runOnlyForDeploymentPostprocessing = 0;
		};
/* End PBXSourcesBuildPhase section */

/* Begin PBXTargetDependency section */
		1DA469A81E9396C200595002 /* PBXTargetDependency */ = {
			isa = PBXTargetDependency;
			target = 1DA4698E1E9396C100595002 /* CoreDataTest */;
			targetProxy = 1DA469A71E9396C200595002 /* PBXContainerItemProxy */;
		};
		1DA469B31E9396C200595002 /* PBXTargetDependency */ = {
			isa = PBXTargetDependency;
			target = 1DA4698E1E9396C100595002 /* CoreDataTest */;
			targetProxy = 1DA469B21E9396C200595002 /* PBXContainerItemProxy */;
		};
/* End PBXTargetDependency section */

/* Begin PBXVariantGroup section */
		1DA469961E9396C200595002 /* Main.storyboard */ = {
			isa = PBXVariantGroup;
			children = (
				1DA469971E9396C200595002 /* Base */,
			);
			name = Main.storyboard;
			sourceTree = "<group>";
		};
		1DA4699E1E9396C200595002 /* LaunchScreen.storyboard */ = {
			isa = PBXVariantGroup;
			children = (
				1DA4699F1E9396C200595002 /* Base */,
			);
			name = LaunchScreen.storyboard;
			sourceTree = "<group>";
		};
/* End PBXVariantGroup section */

/* Begin XCBuildConfiguration section */
		1DA469B81E9396C200595002 /* Debug */ = {
			isa = XCBuildConfiguration;
			buildSettings = {
				ALWAYS_SEARCH_USER_PATHS = NO;
				CLANG_ANALYZER_NONNULL = YES;
				CLANG_CXX_LANGUAGE_STANDARD = "gnu++0x";
				CLANG_CXX_LIBRARY = "libc++";
				CLANG_ENABLE_MODULES = YES;
				CLANG_ENABLE_OBJC_ARC = YES;
				CLANG_WARN_BOOL_CONVERSION = YES;
				CLANG_WARN_CONSTANT_CONVERSION = YES;
				CLANG_WARN_DIRECT_OBJC_ISA_USAGE = YES_ERROR;
				CLANG_WARN_DOCUMENTATION_COMMENTS = YES;
				CLANG_WARN_EMPTY_BODY = YES;
				CLANG_WARN_ENUM_CONVERSION = YES;
				CLANG_WARN_INFINITE_RECURSION = YES;
				CLANG_WARN_INT_CONVERSION = YES;
				CLANG_WARN_OBJC_ROOT_CLASS = YES_ERROR;
				CLANG_WARN_SUSPICIOUS_MOVE = YES;
				CLANG_WARN_UNREACHABLE_CODE = YES;
				CLANG_WARN__DUPLICATE_METHOD_MATCH = YES;
				"CODE_SIGN_IDENTITY[sdk=iphoneos*]" = "iPhone Developer";
				COPY_PHASE_STRIP = NO;
				DEBUG_INFORMATION_FORMAT = dwarf;
				ENABLE_STRICT_OBJC_MSGSEND = YES;
				ENABLE_TESTABILITY = YES;
				GCC_C_LANGUAGE_STANDARD = gnu99;
				GCC_DYNAMIC_NO_PIC = NO;
				GCC_NO_COMMON_BLOCKS = YES;
				GCC_OPTIMIZATION_LEVEL = 0;
				GCC_PREPROCESSOR_DEFINITIONS = (
					"DEBUG=1",
					"$(inherited)",
				);
				GCC_WARN_64_TO_32_BIT_CONVERSION = YES;
				GCC_WARN_ABOUT_RETURN_TYPE = YES_ERROR;
				GCC_WARN_UNDECLARED_SELECTOR = YES;
				GCC_WARN_UNINITIALIZED_AUTOS = YES_AGGRESSIVE;
				GCC_WARN_UNUSED_FUNCTION = YES;
				GCC_WARN_UNUSED_VARIABLE = YES;
				IPHONEOS_DEPLOYMENT_TARGET = 10.2;
				MTL_ENABLE_DEBUG_INFO = YES;
				ONLY_ACTIVE_ARCH = YES;
				SDKROOT = iphoneos;
				SWIFT_ACTIVE_COMPILATION_CONDITIONS = DEBUG;
				SWIFT_OPTIMIZATION_LEVEL = "-Onone";
				TARGETED_DEVICE_FAMILY = 2;
			};
			name = Debug;
		};
		1DA469B91E9396C200595002 /* Release */ = {
			isa = XCBuildConfiguration;
			buildSettings = {
				ALWAYS_SEARCH_USER_PATHS = NO;
				CLANG_ANALYZER_NONNULL = YES;
				CLANG_CXX_LANGUAGE_STANDARD = "gnu++0x";
				CLANG_CXX_LIBRARY = "libc++";
				CLANG_ENABLE_MODULES = YES;
				CLANG_ENABLE_OBJC_ARC = YES;
				CLANG_WARN_BOOL_CONVERSION = YES;
				CLANG_WARN_CONSTANT_CONVERSION = YES;
				CLANG_WARN_DIRECT_OBJC_ISA_USAGE = YES_ERROR;
				CLANG_WARN_DOCUMENTATION_COMMENTS = YES;
				CLANG_WARN_EMPTY_BODY = YES;
				CLANG_WARN_ENUM_CONVERSION = YES;
				CLANG_WARN_INFINITE_RECURSION = YES;
				CLANG_WARN_INT_CONVERSION = YES;
				CLANG_WARN_OBJC_ROOT_CLASS = YES_ERROR;
				CLANG_WARN_SUSPICIOUS_MOVE = YES;
				CLANG_WARN_UNREACHABLE_CODE = YES;
				CLANG_WARN__DUPLICATE_METHOD_MATCH = YES;
				"CODE_SIGN_IDENTITY[sdk=iphoneos*]" = "iPhone Developer";
				COPY_PHASE_STRIP = NO;
				DEBUG_INFORMATION_FORMAT = "dwarf-with-dsym";
				ENABLE_NS_ASSERTIONS = NO;
				ENABLE_STRICT_OBJC_MSGSEND = YES;
				GCC_C_LANGUAGE_STANDARD = gnu99;
				GCC_NO_COMMON_BLOCKS = YES;
				GCC_WARN_64_TO_32_BIT_CONVERSION = YES;
				GCC_WARN_ABOUT_RETURN_TYPE = YES_ERROR;
				GCC_WARN_UNDECLARED_SELECTOR = YES;
				GCC_WARN_UNINITIALIZED_AUTOS = YES_AGGRESSIVE;
				GCC_WARN_UNUSED_FUNCTION = YES;
				GCC_WARN_UNUSED_VARIABLE = YES;
				IPHONEOS_DEPLOYMENT_TARGET = 10.2;
				MTL_ENABLE_DEBUG_INFO = NO;
				SDKROOT = iphoneos;
				SWIFT_OPTIMIZATION_LEVEL = "-Owholemodule";
				TARGETED_DEVICE_FAMILY = 2;
				VALIDATE_PRODUCT = YES;
			};
			name = Release;
		};
		1DA469BB1E9396C200595002 /* Debug */ = {
			isa = XCBuildConfiguration;
			buildSettings = {
				ASSETCATALOG_COMPILER_APPICON_NAME = AppIcon;
				INFOPLIST_FILE = CoreDataTest/Info.plist;
				LD_RUNPATH_SEARCH_PATHS = "$(inherited) @executable_path/Frameworks";
				PRODUCT_BUNDLE_IDENTIFIER = com.artiligence.CoreDataTest;
				PRODUCT_NAME = "$(TARGET_NAME)";
				SWIFT_VERSION = 3.0;
			};
			name = Debug;
		};
		1DA469BC1E9396C200595002 /* Release */ = {
			isa = XCBuildConfiguration;
			buildSettings = {
				ASSETCATALOG_COMPILER_APPICON_NAME = AppIcon;
				INFOPLIST_FILE = CoreDataTest/Info.plist;
				LD_RUNPATH_SEARCH_PATHS = "$(inherited) @executable_path/Frameworks";
				PRODUCT_BUNDLE_IDENTIFIER = com.artiligence.CoreDataTest;
				PRODUCT_NAME = "$(TARGET_NAME)";
				SWIFT_VERSION = 3.0;
			};
			name = Release;
		};
		1DA469BE1E9396C200595002 /* Debug */ = {
			isa = XCBuildConfiguration;
			buildSettings = {
				ALWAYS_EMBED_SWIFT_STANDARD_LIBRARIES = YES;
				BUNDLE_LOADER = "$(TEST_HOST)";
				INFOPLIST_FILE = CoreDataTestTests/Info.plist;
				LD_RUNPATH_SEARCH_PATHS = "$(inherited) @executable_path/Frameworks @loader_path/Frameworks";
				PRODUCT_BUNDLE_IDENTIFIER = com.artiligence.CoreDataTestTests;
				PRODUCT_NAME = "$(TARGET_NAME)";
				SWIFT_VERSION = 3.0;
				TEST_HOST = "$(BUILT_PRODUCTS_DIR)/CoreDataTest.app/CoreDataTest";
			};
			name = Debug;
		};
		1DA469BF1E9396C200595002 /* Release */ = {
			isa = XCBuildConfiguration;
			buildSettings = {
				ALWAYS_EMBED_SWIFT_STANDARD_LIBRARIES = YES;
				BUNDLE_LOADER = "$(TEST_HOST)";
				INFOPLIST_FILE = CoreDataTestTests/Info.plist;
				LD_RUNPATH_SEARCH_PATHS = "$(inherited) @executable_path/Frameworks @loader_path/Frameworks";
				PRODUCT_BUNDLE_IDENTIFIER = com.artiligence.CoreDataTestTests;
				PRODUCT_NAME = "$(TARGET_NAME)";
				SWIFT_VERSION = 3.0;
				TEST_HOST = "$(BUILT_PRODUCTS_DIR)/CoreDataTest.app/CoreDataTest";
			};
			name = Release;
		};
		1DA469C11E9396C200595002 /* Debug */ = {
			isa = XCBuildConfiguration;
			buildSettings = {
				ALWAYS_EMBED_SWIFT_STANDARD_LIBRARIES = YES;
				INFOPLIST_FILE = CoreDataTestUITests/Info.plist;
				LD_RUNPATH_SEARCH_PATHS = "$(inherited) @executable_path/Frameworks @loader_path/Frameworks";
				PRODUCT_BUNDLE_IDENTIFIER = com.artiligence.CoreDataTestUITests;
				PRODUCT_NAME = "$(TARGET_NAME)";
				SWIFT_VERSION = 3.0;
				TEST_TARGET_NAME = CoreDataTest;
			};
			name = Debug;
		};
		1DA469C21E9396C200595002 /* Release */ = {
			isa = XCBuildConfiguration;
			buildSettings = {
				ALWAYS_EMBED_SWIFT_STANDARD_LIBRARIES = YES;
				INFOPLIST_FILE = CoreDataTestUITests/Info.plist;
				LD_RUNPATH_SEARCH_PATHS = "$(inherited) @executable_path/Frameworks @loader_path/Frameworks";
				PRODUCT_BUNDLE_IDENTIFIER = com.artiligence.CoreDataTestUITests;
				PRODUCT_NAME = "$(TARGET_NAME)";
				SWIFT_VERSION = 3.0;
				TEST_TARGET_NAME = CoreDataTest;
			};
			name = Release;
		};
/* End XCBuildConfiguration section */

/* Begin XCConfigurationList section */
		1DA4698A1E9396C100595002 /* Build configuration list for PBXProject "CoreDataTest" */ = {
			isa = XCConfigurationList;
			buildConfigurations = (
				1DA469B81E9396C200595002 /* Debug */,
				1DA469B91E9396C200595002 /* Release */,
			);
			defaultConfigurationIsVisible = 0;
			defaultConfigurationName = Release;
		};
		1DA469BA1E9396C200595002 /* Build configuration list for PBXNativeTarget "CoreDataTest" */ = {
			isa = XCConfigurationList;
			buildConfigurations = (
				1DA469BB1E9396C200595002 /* Debug */,
				1DA469BC1E9396C200595002 /* Release */,
			);
			defaultConfigurationIsVisible = 0;
		};
		1DA469BD1E9396C200595002 /* Build configuration list for PBXNativeTarget "CoreDataTestTests" */ = {
			isa = XCConfigurationList;
			buildConfigurations = (
				1DA469BE1E9396C200595002 /* Debug */,
				1DA469BF1E9396C200595002 /* Release */,
			);
			defaultConfigurationIsVisible = 0;
		};
		1DA469C01E9396C200595002 /* Build configuration list for PBXNativeTarget "CoreDataTestUITests" */ = {
			isa = XCConfigurationList;
			buildConfigurations = (
				1DA469C11E9396C200595002 /* Debug */,
				1DA469C21E9396C200595002 /* Release */,
			);
			defaultConfigurationIsVisible = 0;
		};
/* End XCConfigurationList section */

/* Begin XCVersionGroup section */
		1DA469991E9396C200595002 /* CoreDataTest.xcdatamodeld */ = {
			isa = XCVersionGroup;
			children = (
				1DA4699A1E9396C200595002 /* CoreDataTest.xcdatamodel */,
			);
			currentVersion = 1DA4699A1E9396C200595002 /* CoreDataTest.xcdatamodel */;
			path = CoreDataTest.xcdatamodeld;
			sourceTree = "<group>";
			versionGroupType = wrapper.xcdatamodel;
		};
/* End XCVersionGroup section */
	};
	rootObject = 1DA469871E9396C100595002 /* Project object */;
}
